
Microsoft Visual Studio Solution File, Format Version 12.00
# Visual Studio Version 17
VisualStudioVersion = 17.9.34622.214
MinimumVisualStudioVersion = 10.0.40219.1
Project("{FAE04EC0-301F-11D3-BF4B-00C04F79EFBC}") = "TurnUpPortalLogin", "TurnUpPortalLogin.csproj", "{3EF8A6DE-3FD1-43C2-8DA4-5B27E6A8330B}"
EndProject
Global
	GlobalSection(SolutionConfigurationPlatforms) = preSolution
		Debug|Any CPU = Debug|Any CPU
		Release|Any CPU = Release|Any CPU
	EndGlobalSection
	GlobalSection(ProjectConfigurationPlatforms) = postSolution
		{3EF8A6DE-3FD1-43C2-8DA4-5B27E6A8330B}.Debug|Any CPU.ActiveCfg = Debug|Any CPU
		{3EF8A6DE-3FD1-43C2-8DA4-5B27E6A8330B}.Debug|Any CPU.Build.0 = Debug|Any CPU
		{3EF8A6DE-3FD1-43C2-8DA4-5B27E6A8330B}.Release|Any CPU.ActiveCfg = Release|Any CPU
		{3EF8A6DE-3FD1-43C2-8DA4-5B27E6A8330B}.Release|Any CPU.Build.0 = Release|Any CPU
	EndGlobalSection
	GlobalSection(SolutionProperties) = preSolution
		HideSolutionNode = FALSE
	EndGlobalSection
	GlobalSection(ExtensibilityGlobals) = postSolution
		SolutionGuid = {01E70215-5575-46EA-955B-537DCE60E3E7}
	EndGlobalSection
EndGlobal
